
Microsoft Visual Studio Solution File, Format Version 12.00
# Visual Studio Version 17
VisualStudioVersion = 17.11.35303.130
MinimumVisualStudioVersion = 10.0.40219.1
Project("{9A19103F-16F7-4668-BE54-9A1E7A4F7556}") = "CustomerService.API", "src\CustomerService.API\CustomerService.API.csproj", "{898FB410-469B-4286-8759-1468CF9AB6C7}"
EndProject
Project("{9A19103F-16F7-4668-BE54-9A1E7A4F7556}") = "CustomerService.Application", "src\CustomerService.Application\CustomerService.Application.csproj", "{32D5FB11-DB3B-4437-B8AD-8CCE61CA7C38}"
EndProject
Project("{9A19103F-16F7-4668-BE54-9A1E7A4F7556}") = "CustomerService.Infrastructure", "src\CustomerService.Infrastructure\CustomerService.Infrastructure.csproj", "{27454457-1FD7-4F3E-940A-FA60BE2D1EE1}"
EndProject
Project("{9A19103F-16F7-4668-BE54-9A1E7A4F7556}") = "CustomerService.Domain", "src\CustomerService.Domain\CustomerService.Domain.csproj", "{3D192952-604C-40A8-A851-9E357907E0D3}"
EndProject
Project("{2150E333-8FDC-42A3-9474-1A3956D46DE8}") = "src", "src", "{123119F6-9E86-4116-94FE-14CF89FA3F0B}"
EndProject
Project("{2150E333-8FDC-42A3-9474-1A3956D46DE8}") = "services", "services", "{2D765281-5947-4838-A9D0-D6237E712D22}"
EndProject
Project("{2150E333-8FDC-42A3-9474-1A3956D46DE8}") = "shared", "shared", "{E608D6F3-2F3A-4F1E-AEA1-1EACE2E8E11A}"
EndProject
Project("{FAE04EC0-301F-11D3-BF4B-00C04F79EFBC}") = "SharedLib.Domain", "..\SharedLib\src\SharedLib.Domain\SharedLib.Domain.csproj", "{1DDD1634-F649-4926-B202-AE843C4666AB}"
EndProject
Project("{FAE04EC0-301F-11D3-BF4B-00C04F79EFBC}") = "SharedLib.MessageBus", "..\SharedLib\src\SharedLib.MessageBus\SharedLib.MessageBus.csproj", "{295AA47C-D802-4E63-B014-BBF64814E904}"
EndProject
Project("{FAE04EC0-301F-11D3-BF4B-00C04F79EFBC}") = "EA.IntegrationEvents", "src\EA.IntegrationEvents\EA.IntegrationEvents.csproj", "{C40874FA-97DD-4A5E-973E-E3C03DD55920}"
EndProject
Global
	GlobalSection(SolutionConfigurationPlatforms) = preSolution
		Debug|Any CPU = Debug|Any CPU
		Release|Any CPU = Release|Any CPU
	EndGlobalSection
	GlobalSection(ProjectConfigurationPlatforms) = postSolution
		{898FB410-469B-4286-8759-1468CF9AB6C7}.Debug|Any CPU.ActiveCfg = Debug|Any CPU
		{898FB410-469B-4286-8759-1468CF9AB6C7}.Debug|Any CPU.Build.0 = Debug|Any CPU
		{898FB410-469B-4286-8759-1468CF9AB6C7}.Release|Any CPU.ActiveCfg = Release|Any CPU
		{898FB410-469B-4286-8759-1468CF9AB6C7}.Release|Any CPU.Build.0 = Release|Any CPU
		{32D5FB11-DB3B-4437-B8AD-8CCE61CA7C38}.Debug|Any CPU.ActiveCfg = Debug|Any CPU
		{32D5FB11-DB3B-4437-B8AD-8CCE61CA7C38}.Debug|Any CPU.Build.0 = Debug|Any CPU
		{32D5FB11-DB3B-4437-B8AD-8CCE61CA7C38}.Release|Any CPU.ActiveCfg = Release|Any CPU
		{32D5FB11-DB3B-4437-B8AD-8CCE61CA7C38}.Release|Any CPU.Build.0 = Release|Any CPU
		{27454457-1FD7-4F3E-940A-FA60BE2D1EE1}.Debug|Any CPU.ActiveCfg = Debug|Any CPU
		{27454457-1FD7-4F3E-940A-FA60BE2D1EE1}.Debug|Any CPU.Build.0 = Debug|Any CPU
		{27454457-1FD7-4F3E-940A-FA60BE2D1EE1}.Release|Any CPU.ActiveCfg = Release|Any CPU
		{27454457-1FD7-4F3E-940A-FA60BE2D1EE1}.Release|Any CPU.Build.0 = Release|Any CPU
		{3D192952-604C-40A8-A851-9E357907E0D3}.Debug|Any CPU.ActiveCfg = Debug|Any CPU
		{3D192952-604C-40A8-A851-9E357907E0D3}.Debug|Any CPU.Build.0 = Debug|Any CPU
		{3D192952-604C-40A8-A851-9E357907E0D3}.Release|Any CPU.ActiveCfg = Release|Any CPU
		{3D192952-604C-40A8-A851-9E357907E0D3}.Release|Any CPU.Build.0 = Release|Any CPU
		{1DDD1634-F649-4926-B202-AE843C4666AB}.Debug|Any CPU.ActiveCfg = Debug|Any CPU
		{1DDD1634-F649-4926-B202-AE843C4666AB}.Debug|Any CPU.Build.0 = Debug|Any CPU
		{1DDD1634-F649-4926-B202-AE843C4666AB}.Release|Any CPU.ActiveCfg = Release|Any CPU
		{1DDD1634-F649-4926-B202-AE843C4666AB}.Release|Any CPU.Build.0 = Release|Any CPU
		{295AA47C-D802-4E63-B014-BBF64814E904}.Debug|Any CPU.ActiveCfg = Debug|Any CPU
		{295AA47C-D802-4E63-B014-BBF64814E904}.Debug|Any CPU.Build.0 = Debug|Any CPU
		{295AA47C-D802-4E63-B014-BBF64814E904}.Release|Any CPU.ActiveCfg = Release|Any CPU
		{295AA47C-D802-4E63-B014-BBF64814E904}.Release|Any CPU.Build.0 = Release|Any CPU
		{C40874FA-97DD-4A5E-973E-E3C03DD55920}.Debug|Any CPU.ActiveCfg = Debug|Any CPU
		{C40874FA-97DD-4A5E-973E-E3C03DD55920}.Debug|Any CPU.Build.0 = Debug|Any CPU
		{C40874FA-97DD-4A5E-973E-E3C03DD55920}.Release|Any CPU.ActiveCfg = Release|Any CPU
		{C40874FA-97DD-4A5E-973E-E3C03DD55920}.Release|Any CPU.Build.0 = Release|Any CPU
	EndGlobalSection
	GlobalSection(SolutionProperties) = preSolution
		HideSolutionNode = FALSE
	EndGlobalSection
	GlobalSection(NestedProjects) = preSolution
		{898FB410-469B-4286-8759-1468CF9AB6C7} = {2D765281-5947-4838-A9D0-D6237E712D22}
		{32D5FB11-DB3B-4437-B8AD-8CCE61CA7C38} = {2D765281-5947-4838-A9D0-D6237E712D22}
		{27454457-1FD7-4F3E-940A-FA60BE2D1EE1} = {2D765281-5947-4838-A9D0-D6237E712D22}
		{3D192952-604C-40A8-A851-9E357907E0D3} = {2D765281-5947-4838-A9D0-D6237E712D22}
		{2D765281-5947-4838-A9D0-D6237E712D22} = {123119F6-9E86-4116-94FE-14CF89FA3F0B}
		{E608D6F3-2F3A-4F1E-AEA1-1EACE2E8E11A} = {123119F6-9E86-4116-94FE-14CF89FA3F0B}
		{1DDD1634-F649-4926-B202-AE843C4666AB} = {E608D6F3-2F3A-4F1E-AEA1-1EACE2E8E11A}
		{295AA47C-D802-4E63-B014-BBF64814E904} = {E608D6F3-2F3A-4F1E-AEA1-1EACE2E8E11A}
		{C40874FA-97DD-4A5E-973E-E3C03DD55920} = {E608D6F3-2F3A-4F1E-AEA1-1EACE2E8E11A}
	EndGlobalSection
	GlobalSection(ExtensibilityGlobals) = postSolution
		SolutionGuid = {BFDDB9FD-ECCC-462D-9E9F-8DCA16BA5C49}
	EndGlobalSection
EndGlobal
